<Solution>
  <Project Path="ApiGateway/ApiGateway.csproj" Id="748e15b9-b835-4156-bd1e-0e996aca6cd5" />
  <Project Path="BusinessLogicLayer/BusinessLogicLayer.csproj" />
  <Project Path="DataAccessLayer/DataAccessLayer.csproj" />
  <Project Path="docker-compose.dcproj">
    <Build />
  </Project>
  <Project Path="OrdersMicroservice.API/OrdersMicroservice.API.csproj" />
</Solution>
